// !$*UTF8*$!
{
	archiveVersion = 1;
	classes = {
	};
	objectVersion = 46;
	objects = {

/* Begin PBXBuildFile section */
		890024EC1511A3570012E749 /* pro_state.c in Sources */ = {isa = PBXBuildFile; fileRef = 890024D01511A3070012E749 /* pro_state.c */; };
		890024ED1511A3590012E749 /* pro_object.c in Sources */ = {isa = PBXBuildFile; fileRef = 890024CE1511A3070012E749 /* pro_object.c */; };
		890024EE1511A35B0012E749 /* pro_env.c in Sources */ = {isa = PBXBuildFile; fileRef = 890024CA1511A3070012E749 /* pro_env.c */; };
		890024EF1511A35C0012E749 /* pro_actor.c in Sources */ = {isa = PBXBuildFile; fileRef = 890024C61511A3070012E749 /* pro_actor.c */; };
		89A98187152136EF00C405FE /* pro_library.h in Headers */ = {isa = PBXBuildFile; fileRef = 89A98186152136EF00C405FE /* pro_library.h */; };
		89A9818A152136FD00C405FE /* pro_library.c in Sources */ = {isa = PBXBuildFile; fileRef = 89A98189152136FD00C405FE /* pro_library.c */; };
		89A9818B152136FD00C405FE /* pro_library.c in Sources */ = {isa = PBXBuildFile; fileRef = 89A98189152136FD00C405FE /* pro_library.c */; };
		89A981921522B4F700C405FE /* test-pro_constructor.c in Sources */ = {isa = PBXBuildFile; fileRef = 89A981901522B4F700C405FE /* test-pro_constructor.c */; };
		89A981A81524FA6400C405FE /* pro_type.c in Sources */ = {isa = PBXBuildFile; fileRef = 89A981A71524FA6400C405FE /* pro_type.c */; };
		89A981A91524FA6400C405FE /* pro_type.c in Sources */ = {isa = PBXBuildFile; fileRef = 89A981A71524FA6400C405FE /* pro_type.c */; };
		89A981AC1524FA7600C405FE /* pro_type.h in Headers */ = {isa = PBXBuildFile; fileRef = 89A981AB1524FA7600C405FE /* pro_type.h */; };
		89ACBEB7151E960D003EA8EE /* pro_message.c in Sources */ = {isa = PBXBuildFile; fileRef = 89ACBEB6151E960D003EA8EE /* pro_message.c */; };
		89ACBEB8151E960D003EA8EE /* pro_message.c in Sources */ = {isa = PBXBuildFile; fileRef = 89ACBEB6151E960D003EA8EE /* pro_message.c */; };
		89AF580B15391BD5008D8426 /* test-pro_alloc.c in Sources */ = {isa = PBXBuildFile; fileRef = 89AF580A15391BD5008D8426 /* test-pro_alloc.c */; };
		89BADB2C15195B4200407C3B /* pro_lookup.c in Sources */ = {isa = PBXBuildFile; fileRef = 890024CC1511A3070012E749 /* pro_lookup.c */; };
		89CE9C97151E38CB00CE5511 /* pro_constructor.c in Sources */ = {isa = PBXBuildFile; fileRef = 89CE9C94151E38BC00CE5511 /* pro_constructor.c */; };
		89CE9C98151E38CC00CE5511 /* pro_constructor.c in Sources */ = {isa = PBXBuildFile; fileRef = 89CE9C94151E38BC00CE5511 /* pro_constructor.c */; };
		89E29EFA152FE0B20032ABDC /* test-pro_message.c in Sources */ = {isa = PBXBuildFile; fileRef = 89E29EF9152FE0B20032ABDC /* test-pro_message.c */; };
		89E63058153A5CD000C88C05 /* pro_env_lookup.c in Sources */ = {isa = PBXBuildFile; fileRef = 89E63057153A5CD000C88C05 /* pro_env_lookup.c */; };
		89E63059153A5CD000C88C05 /* pro_env_lookup.c in Sources */ = {isa = PBXBuildFile; fileRef = 89E63057153A5CD000C88C05 /* pro_env_lookup.c */; };
		89E6305C153A5DA000C88C05 /* pro_lookup_list.c in Sources */ = {isa = PBXBuildFile; fileRef = 89E6305B153A5DA000C88C05 /* pro_lookup_list.c */; };
		89E6305D153A5DA000C88C05 /* pro_lookup_list.c in Sources */ = {isa = PBXBuildFile; fileRef = 89E6305B153A5DA000C88C05 /* pro_lookup_list.c */; };
		89F11127151CC62800317A20 /* libcunit.1.dylib in Frameworks */ = {isa = PBXBuildFile; fileRef = 89F11126151CC62800317A20 /* libcunit.1.dylib */; };
		89F1112B151CC91500317A20 /* test.c in Sources */ = {isa = PBXBuildFile; fileRef = 89F11129151CC90C00317A20 /* test.c */; };
		89F1112C151CD14200317A20 /* pro_actor.c in Sources */ = {isa = PBXBuildFile; fileRef = 890024C61511A3070012E749 /* pro_actor.c */; };
		89F1112E151CD14200317A20 /* pro_env.c in Sources */ = {isa = PBXBuildFile; fileRef = 890024CA1511A3070012E749 /* pro_env.c */; };
		89F1112F151CD14200317A20 /* pro_lookup.c in Sources */ = {isa = PBXBuildFile; fileRef = 890024CC1511A3070012E749 /* pro_lookup.c */; };
		89F11130151CD14200317A20 /* pro_object.c in Sources */ = {isa = PBXBuildFile; fileRef = 890024CE1511A3070012E749 /* pro_object.c */; };
		89F11131151CD14200317A20 /* pro_state.c in Sources */ = {isa = PBXBuildFile; fileRef = 890024D01511A3070012E749 /* pro_state.c */; };
		89F11135151CD28E00317A20 /* prosopon.h in Headers */ = {isa = PBXBuildFile; fileRef = 89F11133151CD28E00317A20 /* prosopon.h */; settings = {ATTRIBUTES = (Public, ); }; };
		89F11136151CD28E00317A20 /* prosopon_config.h in Headers */ = {isa = PBXBuildFile; fileRef = 89F11134151CD28E00317A20 /* prosopon_config.h */; settings = {ATTRIBUTES = (Public, ); }; };
		89F11139151CEF7D00317A20 /* test-pro_env.c in Sources */ = {isa = PBXBuildFile; fileRef = 89F11138151CEF7D00317A20 /* test-pro_env.c */; };
		89F1113C151CF41600317A20 /* test-pro_state.c in Sources */ = {isa = PBXBuildFile; fileRef = 89F1113B151CF41600317A20 /* test-pro_state.c */; };
		89F9542C152E6F830060B211 /* pro_message_queue.h in Headers */ = {isa = PBXBuildFile; fileRef = 89F9542B152E6F820060B211 /* pro_message_queue.h */; };
		89F9542F152E6FE30060B211 /* pro_message_queue.c in Sources */ = {isa = PBXBuildFile; fileRef = 89F9542E152E6FE30060B211 /* pro_message_queue.c */; };
		89F95430152E6FE30060B211 /* pro_message_queue.c in Sources */ = {isa = PBXBuildFile; fileRef = 89F9542E152E6FE30060B211 /* pro_message_queue.c */; };
		89F95432152E862D0060B211 /* pro_messaging.c in Sources */ = {isa = PBXBuildFile; fileRef = 89F95431152E862D0060B211 /* pro_messaging.c */; };
		89F95433152E862D0060B211 /* pro_messaging.c in Sources */ = {isa = PBXBuildFile; fileRef = 89F95431152E862D0060B211 /* pro_messaging.c */; };
		89F95435152E863F0060B211 /* pro_messaging.h in Headers */ = {isa = PBXBuildFile; fileRef = 89F95434152E863F0060B211 /* pro_messaging.h */; };
		89F9543D152EA5230060B211 /* pro_env_stack.h in Headers */ = {isa = PBXBuildFile; fileRef = 89F9543C152EA5230060B211 /* pro_env_stack.h */; };
		89F9543F152EA5310060B211 /* pro_env_stack.c in Sources */ = {isa = PBXBuildFile; fileRef = 89F9543E152EA5310060B211 /* pro_env_stack.c */; };
		89F95440152EA5310060B211 /* pro_env_stack.c in Sources */ = {isa = PBXBuildFile; fileRef = 89F9543E152EA5310060B211 /* pro_env_stack.c */; };
		89F95442152F43E80060B211 /* prosopon_actor_type.h in Headers */ = {isa = PBXBuildFile; fileRef = 89F95441152F43E80060B211 /* prosopon_actor_type.h */; settings = {ATTRIBUTES = (Public, ); }; };
		89F95446152F9EA30060B211 /* pro_user_data.c in Sources */ = {isa = PBXBuildFile; fileRef = 89F95445152F9EA20060B211 /* pro_user_data.c */; };
		89F95447152F9EA30060B211 /* pro_user_data.c in Sources */ = {isa = PBXBuildFile; fileRef = 89F95445152F9EA20060B211 /* pro_user_data.c */; };
/* End PBXBuildFile section */

/* Begin PBXCopyFilesBuildPhase section */
		89F11119151CC40100317A20 /* CopyFiles */ = {
			isa = PBXCopyFilesBuildPhase;
			buildActionMask = 2147483647;
			dstPath = /usr/share/man/man1/;
			dstSubfolderSpec = 0;
			files = (
			);
			runOnlyForDeploymentPostprocessing = 1;
		};
/* End PBXCopyFilesBuildPhase section */

/* Begin PBXFileReference section */
		890024C61511A3070012E749 /* pro_actor.c */ = {isa = PBXFileReference; fileEncoding = 4; lastKnownFileType = sourcecode.c.c; path = pro_actor.c; sourceTree = "<group>"; };
		890024CA1511A3070012E749 /* pro_env.c */ = {isa = PBXFileReference; fileEncoding = 4; lastKnownFileType = sourcecode.c.c; path = pro_env.c; sourceTree = "<group>"; };
		890024CB1511A3070012E749 /* pro_env.h */ = {isa = PBXFileReference; fileEncoding = 4; lastKnownFileType = sourcecode.c.h; path = pro_env.h; sourceTree = "<group>"; };
		890024CC1511A3070012E749 /* pro_lookup.c */ = {isa = PBXFileReference; fileEncoding = 4; lastKnownFileType = sourcecode.c.c; path = pro_lookup.c; sourceTree = "<group>"; };
		890024CD1511A3070012E749 /* pro_lookup.h */ = {isa = PBXFileReference; fileEncoding = 4; lastKnownFileType = sourcecode.c.h; path = pro_lookup.h; sourceTree = "<group>"; };
		890024CE1511A3070012E749 /* pro_object.c */ = {isa = PBXFileReference; fileEncoding = 4; lastKnownFileType = sourcecode.c.c; path = pro_object.c; sourceTree = "<group>"; };
		890024CF1511A3070012E749 /* pro_object.h */ = {isa = PBXFileReference; fileEncoding = 4; lastKnownFileType = sourcecode.c.h; path = pro_object.h; sourceTree = "<group>"; };
		890024D01511A3070012E749 /* pro_state.c */ = {isa = PBXFileReference; fileEncoding = 4; lastKnownFileType = sourcecode.c.c; path = pro_state.c; sourceTree = "<group>"; };
		890024D11511A3070012E749 /* pro_state.h */ = {isa = PBXFileReference; fileEncoding = 4; lastKnownFileType = sourcecode.c.h; path = pro_state.h; sourceTree = "<group>"; };
		890024E81511A3430012E749 /* libprosopon.dylib */ = {isa = PBXFileReference; explicitFileType = "compiled.mach-o.dylib"; includeInIndex = 0; path = libprosopon.dylib; sourceTree = BUILT_PRODUCTS_DIR; };
		8993E271152B5E180077EE0A /* pro_common.h */ = {isa = PBXFileReference; lastKnownFileType = sourcecode.c.h; path = pro_common.h; sourceTree = "<group>"; };
		89A98186152136EF00C405FE /* pro_library.h */ = {isa = PBXFileReference; fileEncoding = 4; lastKnownFileType = sourcecode.c.h; path = pro_library.h; sourceTree = "<group>"; };
		89A98189152136FD00C405FE /* pro_library.c */ = {isa = PBXFileReference; fileEncoding = 4; lastKnownFileType = sourcecode.c.c; path = pro_library.c; sourceTree = "<group>"; };
		89A981901522B4F700C405FE /* test-pro_constructor.c */ = {isa = PBXFileReference; fileEncoding = 4; lastKnownFileType = sourcecode.c.c; path = "test-pro_constructor.c"; sourceTree = "<group>"; };
		89A981A71524FA6400C405FE /* pro_type.c */ = {isa = PBXFileReference; fileEncoding = 4; lastKnownFileType = sourcecode.c.c; path = pro_type.c; sourceTree = "<group>"; };
		89A981AB1524FA7600C405FE /* pro_type.h */ = {isa = PBXFileReference; fileEncoding = 4; lastKnownFileType = sourcecode.c.h; path = pro_type.h; sourceTree = "<group>"; };
		89ACBEB6151E960D003EA8EE /* pro_message.c */ = {isa = PBXFileReference; fileEncoding = 4; lastKnownFileType = sourcecode.c.c; path = pro_message.c; sourceTree = "<group>"; };
		89AF580815391B95008D8426 /* test-pro_alloc.h */ = {isa = PBXFileReference; fileEncoding = 4; lastKnownFileType = sourcecode.c.h; path = "test-pro_alloc.h"; sourceTree = "<group>"; };
		89AF580A15391BD5008D8426 /* test-pro_alloc.c */ = {isa = PBXFileReference; fileEncoding = 4; lastKnownFileType = sourcecode.c.c; path = "test-pro_alloc.c"; sourceTree = "<group>"; };
		89BADB2E15195C3C00407C3B /* Makefile */ = {isa = PBXFileReference; fileEncoding = 4; lastKnownFileType = sourcecode.make; name = Makefile; path = "../prosopon-interpreter/Makefile"; sourceTree = "<group>"; };
		89CE9C94151E38BC00CE5511 /* pro_constructor.c */ = {isa = PBXFileReference; fileEncoding = 4; lastKnownFileType = sourcecode.c.c; path = pro_constructor.c; sourceTree = "<group>"; };
		89E29EF9152FE0B20032ABDC /* test-pro_message.c */ = {isa = PBXFileReference; fileEncoding = 4; lastKnownFileType = sourcecode.c.c; path = "test-pro_message.c"; sourceTree = "<group>"; };
		89E29EFB152FE0F90032ABDC /* test.h */ = {isa = PBXFileReference; fileEncoding = 4; lastKnownFileType = sourcecode.c.h; path = test.h; sourceTree = "<group>"; };
		89E63056153A5CC200C88C05 /* pro_env_lookup.h */ = {isa = PBXFileReference; lastKnownFileType = sourcecode.c.h; path = pro_env_lookup.h; sourceTree = "<group>"; };
		89E63057153A5CD000C88C05 /* pro_env_lookup.c */ = {isa = PBXFileReference; fileEncoding = 4; lastKnownFileType = sourcecode.c.c; path = pro_env_lookup.c; sourceTree = "<group>"; };
		89E6305A153A5D8A00C88C05 /* pro_lookup_list.h */ = {isa = PBXFileReference; lastKnownFileType = sourcecode.c.h; path = pro_lookup_list.h; sourceTree = "<group>"; };
		89E6305B153A5DA000C88C05 /* pro_lookup_list.c */ = {isa = PBXFileReference; fileEncoding = 4; lastKnownFileType = sourcecode.c.c; path = pro_lookup_list.c; sourceTree = "<group>"; };
		89F1111B151CC40100317A20 /* test */ = {isa = PBXFileReference; explicitFileType = "compiled.mach-o.executable"; includeInIndex = 0; path = test; sourceTree = BUILT_PRODUCTS_DIR; };
		89F11126151CC62800317A20 /* libcunit.1.dylib */ = {isa = PBXFileReference; lastKnownFileType = "compiled.mach-o.dylib"; name = libcunit.1.dylib; path = ../../../../../usr/local/lib/libcunit.1.dylib; sourceTree = "<group>"; };
		89F11129151CC90C00317A20 /* test.c */ = {isa = PBXFileReference; fileEncoding = 4; lastKnownFileType = sourcecode.c.c; path = test.c; sourceTree = "<group>"; };
		89F11133151CD28E00317A20 /* prosopon.h */ = {isa = PBXFileReference; fileEncoding = 4; lastKnownFileType = sourcecode.c.h; path = prosopon.h; sourceTree = "<group>"; };
		89F11134151CD28E00317A20 /* prosopon_config.h */ = {isa = PBXFileReference; fileEncoding = 4; lastKnownFileType = sourcecode.c.h; path = prosopon_config.h; sourceTree = "<group>"; };
		89F11138151CEF7D00317A20 /* test-pro_env.c */ = {isa = PBXFileReference; fileEncoding = 4; lastKnownFileType = sourcecode.c.c; path = "test-pro_env.c"; sourceTree = "<group>"; };
		89F1113B151CF41600317A20 /* test-pro_state.c */ = {isa = PBXFileReference; fileEncoding = 4; lastKnownFileType = sourcecode.c.c; path = "test-pro_state.c"; sourceTree = "<group>"; };
		89F9542B152E6F820060B211 /* pro_message_queue.h */ = {isa = PBXFileReference; fileEncoding = 4; lastKnownFileType = sourcecode.c.h; path = pro_message_queue.h; sourceTree = "<group>"; };
		89F9542E152E6FE30060B211 /* pro_message_queue.c */ = {isa = PBXFileReference; fileEncoding = 4; lastKnownFileType = sourcecode.c.c; path = pro_message_queue.c; sourceTree = "<group>"; };
		89F95431152E862D0060B211 /* pro_messaging.c */ = {isa = PBXFileReference; fileEncoding = 4; lastKnownFileType = sourcecode.c.c; path = pro_messaging.c; sourceTree = "<group>"; };
		89F95434152E863F0060B211 /* pro_messaging.h */ = {isa = PBXFileReference; fileEncoding = 4; lastKnownFileType = sourcecode.c.h; path = pro_messaging.h; sourceTree = "<group>"; };
		89F9543C152EA5230060B211 /* pro_env_stack.h */ = {isa = PBXFileReference; fileEncoding = 4; lastKnownFileType = sourcecode.c.h; path = pro_env_stack.h; sourceTree = "<group>"; };
		89F9543E152EA5310060B211 /* pro_env_stack.c */ = {isa = PBXFileReference; fileEncoding = 4; lastKnownFileType = sourcecode.c.c; path = pro_env_stack.c; sourceTree = "<group>"; };
		89F95441152F43E80060B211 /* prosopon_actor_type.h */ = {isa = PBXFileReference; fileEncoding = 4; lastKnownFileType = sourcecode.c.h; path = prosopon_actor_type.h; sourceTree = "<group>"; };
		89F95445152F9EA20060B211 /* pro_user_data.c */ = {isa = PBXFileReference; fileEncoding = 4; lastKnownFileType = sourcecode.c.c; path = pro_user_data.c; sourceTree = "<group>"; };
/* End PBXFileReference section */

/* Begin PBXFrameworksBuildPhase section */
		890024E51511A3430012E749 /* Frameworks */ = {
			isa = PBXFrameworksBuildPhase;
			buildActionMask = 2147483647;
			files = (
			);
			runOnlyForDeploymentPostprocessing = 0;
		};
		89F11118151CC40100317A20 /* Frameworks */ = {
			isa = PBXFrameworksBuildPhase;
			buildActionMask = 2147483647;
			files = (
				89F11127151CC62800317A20 /* libcunit.1.dylib in Frameworks */,
			);
			runOnlyForDeploymentPostprocessing = 0;
		};
/* End PBXFrameworksBuildPhase section */

/* Begin PBXGroup section */
		890024C51511A3070012E749 /* src */ = {
			isa = PBXGroup;
			children = (
				8993E271152B5E180077EE0A /* pro_common.h */,
				890024C61511A3070012E749 /* pro_actor.c */,
				890024CB1511A3070012E749 /* pro_env.h */,
				890024CA1511A3070012E749 /* pro_env.c */,
				890024CD1511A3070012E749 /* pro_lookup.h */,
				890024CC1511A3070012E749 /* pro_lookup.c */,
				890024CF1511A3070012E749 /* pro_object.h */,
				890024CE1511A3070012E749 /* pro_object.c */,
				890024D11511A3070012E749 /* pro_state.h */,
				890024D01511A3070012E749 /* pro_state.c */,
				89CE9C94151E38BC00CE5511 /* pro_constructor.c */,
				89ACBEB6151E960D003EA8EE /* pro_message.c */,
				89A98186152136EF00C405FE /* pro_library.h */,
				89A98189152136FD00C405FE /* pro_library.c */,
				89A981AB1524FA7600C405FE /* pro_type.h */,
				89A981A71524FA6400C405FE /* pro_type.c */,
				89F9542B152E6F820060B211 /* pro_message_queue.h */,
				89F9542E152E6FE30060B211 /* pro_message_queue.c */,
				89F95434152E863F0060B211 /* pro_messaging.h */,
				89F95431152E862D0060B211 /* pro_messaging.c */,
				89F9543C152EA5230060B211 /* pro_env_stack.h */,
				89F9543E152EA5310060B211 /* pro_env_stack.c */,
				89F95445152F9EA20060B211 /* pro_user_data.c */,
				89E63056153A5CC200C88C05 /* pro_env_lookup.h */,
				89E63057153A5CD000C88C05 /* pro_env_lookup.c */,
				89E6305A153A5D8A00C88C05 /* pro_lookup_list.h */,
				89E6305B153A5DA000C88C05 /* pro_lookup_list.c */,
			);
			path = src;
			sourceTree = "<group>";
		};
		89DD608E14FC755C0072ADE5 = {
			isa = PBXGroup;
			children = (
				89F11126151CC62800317A20 /* libcunit.1.dylib */,
				89BADB2E15195C3C00407C3B /* Makefile */,
				89F11132151CD28E00317A20 /* include */,
				890024C51511A3070012E749 /* src */,
				89F11128151CC90C00317A20 /* test */,
				89DD609A14FC755D0072ADE5 /* Products */,
			);
			sourceTree = "<group>";
		};
		89DD609A14FC755D0072ADE5 /* Products */ = {
			isa = PBXGroup;
			children = (
				890024E81511A3430012E749 /* libprosopon.dylib */,
				89F1111B151CC40100317A20 /* test */,
			);
			name = Products;
			sourceTree = "<group>";
		};
		89F11128151CC90C00317A20 /* test */ = {
			isa = PBXGroup;
			children = (
				89E29EFB152FE0F90032ABDC /* test.h */,
				89F11129151CC90C00317A20 /* test.c */,
				89F11138151CEF7D00317A20 /* test-pro_env.c */,
				89F1113B151CF41600317A20 /* test-pro_state.c */,
				89A981901522B4F700C405FE /* test-pro_constructor.c */,
				89E29EF9152FE0B20032ABDC /* test-pro_message.c */,
				89AF580815391B95008D8426 /* test-pro_alloc.h */,
				89AF580A15391BD5008D8426 /* test-pro_alloc.c */,
			);
			path = test;
			sourceTree = "<group>";
		};
		89F11132151CD28E00317A20 /* include */ = {
			isa = PBXGroup;
			children = (
				89F11133151CD28E00317A20 /* prosopon.h */,
				89F11134151CD28E00317A20 /* prosopon_config.h */,
				89F95441152F43E80060B211 /* prosopon_actor_type.h */,
			);
			path = include;
			sourceTree = "<group>";
		};
/* End PBXGroup section */

/* Begin PBXHeadersBuildPhase section */
		890024E61511A3430012E749 /* Headers */ = {
			isa = PBXHeadersBuildPhase;
			buildActionMask = 2147483647;
			files = (
				89F11135151CD28E00317A20 /* prosopon.h in Headers */,
				89F11136151CD28E00317A20 /* prosopon_config.h in Headers */,
				89F95442152F43E80060B211 /* prosopon_actor_type.h in Headers */,
				89A98187152136EF00C405FE /* pro_library.h in Headers */,
				89A981AC1524FA7600C405FE /* pro_type.h in Headers */,
				89F9542C152E6F830060B211 /* pro_message_queue.h in Headers */,
				89F95435152E863F0060B211 /* pro_messaging.h in Headers */,
				89F9543D152EA5230060B211 /* pro_env_stack.h in Headers */,
			);
			runOnlyForDeploymentPostprocessing = 0;
		};
/* End PBXHeadersBuildPhase section */

/* Begin PBXNativeTarget section */
		890024E71511A3430012E749 /* prosopon */ = {
			isa = PBXNativeTarget;
			buildConfigurationList = 890024E91511A3430012E749 /* Build configuration list for PBXNativeTarget "prosopon" */;
			buildPhases = (
				890024E41511A3430012E749 /* Sources */,
				890024E51511A3430012E749 /* Frameworks */,
				890024E61511A3430012E749 /* Headers */,
			);
			buildRules = (
			);
			dependencies = (
			);
			name = prosopon;
			productName = prosopon;
			productReference = 890024E81511A3430012E749 /* libprosopon.dylib */;
			productType = "com.apple.product-type.library.dynamic";
		};
		89F1111A151CC40100317A20 /* test */ = {
			isa = PBXNativeTarget;
			buildConfigurationList = 89F11122151CC40100317A20 /* Build configuration list for PBXNativeTarget "test" */;
			buildPhases = (
				89F11117151CC40100317A20 /* Sources */,
				89F11118151CC40100317A20 /* Frameworks */,
				89F11119151CC40100317A20 /* CopyFiles */,
			);
			buildRules = (
			);
			dependencies = (
			);
			name = test;
			productName = test;
			productReference = 89F1111B151CC40100317A20 /* test */;
			productType = "com.apple.product-type.tool";
		};
/* End PBXNativeTarget section */

/* Begin PBXProject section */
		89DD609014FC755C0072ADE5 /* Project object */ = {
			isa = PBXProject;
			attributes = {
				LastUpgradeCheck = 0420;
			};
			buildConfigurationList = 89DD609314FC755C0072ADE5 /* Build configuration list for PBXProject "prosopon" */;
			compatibilityVersion = "Xcode 3.2";
			developmentRegion = English;
			hasScannedForEncodings = 0;
			knownRegions = (
				en,
			);
			mainGroup = 89DD608E14FC755C0072ADE5;
			productRefGroup = 89DD609A14FC755D0072ADE5 /* Products */;
			projectDirPath = "";
			projectRoot = "";
			targets = (
				890024E71511A3430012E749 /* prosopon */,
				89F1111A151CC40100317A20 /* test */,
			);
		};
/* End PBXProject section */

/* Begin PBXSourcesBuildPhase section */
		890024E41511A3430012E749 /* Sources */ = {
			isa = PBXSourcesBuildPhase;
			buildActionMask = 2147483647;
			files = (
				890024EF1511A35C0012E749 /* pro_actor.c in Sources */,
				890024EC1511A3570012E749 /* pro_state.c in Sources */,
				890024EE1511A35B0012E749 /* pro_env.c in Sources */,
				890024ED1511A3590012E749 /* pro_object.c in Sources */,
				89BADB2C15195B4200407C3B /* pro_lookup.c in Sources */,
				89CE9C98151E38CC00CE5511 /* pro_constructor.c in Sources */,
				89ACBEB7151E960D003EA8EE /* pro_message.c in Sources */,
				89A9818A152136FD00C405FE /* pro_library.c in Sources */,
				89A981A81524FA6400C405FE /* pro_type.c in Sources */,
				89F9542F152E6FE30060B211 /* pro_message_queue.c in Sources */,
				89F95432152E862D0060B211 /* pro_messaging.c in Sources */,
				89F9543F152EA5310060B211 /* pro_env_stack.c in Sources */,
				89F95446152F9EA30060B211 /* pro_user_data.c in Sources */,
				89E63058153A5CD000C88C05 /* pro_env_lookup.c in Sources */,
				89E6305C153A5DA000C88C05 /* pro_lookup_list.c in Sources */,
			);
			runOnlyForDeploymentPostprocessing = 0;
		};
		89F11117151CC40100317A20 /* Sources */ = {
			isa = PBXSourcesBuildPhase;
			buildActionMask = 2147483647;
			files = (
				89F1112C151CD14200317A20 /* pro_actor.c in Sources */,
				89F1112E151CD14200317A20 /* pro_env.c in Sources */,
				89F1112F151CD14200317A20 /* pro_lookup.c in Sources */,
				89F11130151CD14200317A20 /* pro_object.c in Sources */,
				89F11131151CD14200317A20 /* pro_state.c in Sources */,
				89F1112B151CC91500317A20 /* test.c in Sources */,
				89F11139151CEF7D00317A20 /* test-pro_env.c in Sources */,
				89F1113C151CF41600317A20 /* test-pro_state.c in Sources */,
				89CE9C97151E38CB00CE5511 /* pro_constructor.c in Sources */,
				89ACBEB8151E960D003EA8EE /* pro_message.c in Sources */,
				89A9818B152136FD00C405FE /* pro_library.c in Sources */,
				89A981921522B4F700C405FE /* test-pro_constructor.c in Sources */,
				89A981A91524FA6400C405FE /* pro_type.c in Sources */,
				89F95430152E6FE30060B211 /* pro_message_queue.c in Sources */,
				89F95433152E862D0060B211 /* pro_messaging.c in Sources */,
				89F95440152EA5310060B211 /* pro_env_stack.c in Sources */,
				89F95447152F9EA30060B211 /* pro_user_data.c in Sources */,
				89E29EFA152FE0B20032ABDC /* test-pro_message.c in Sources */,
				89AF580B15391BD5008D8426 /* test-pro_alloc.c in Sources */,
				89E63059153A5CD000C88C05 /* pro_env_lookup.c in Sources */,
				89E6305D153A5DA000C88C05 /* pro_lookup_list.c in Sources */,
			);
			runOnlyForDeploymentPostprocessing = 0;
		};
/* End PBXSourcesBuildPhase section */

/* Begin XCBuildConfiguration section */
		890024EA1511A3430012E749 /* Debug */ = {
			isa = XCBuildConfiguration;
			buildSettings = {
				EXECUTABLE_PREFIX = lib;
				GCC_VERSION = com.apple.compilers.llvm.clang.1_0;
				PRODUCT_NAME = "$(TARGET_NAME)";
				SYMROOT = "$(PROSOPON_ROOT_DIR)/build";
			};
			name = Debug;
		};
		890024EB1511A3430012E749 /* Release */ = {
			isa = XCBuildConfiguration;
			buildSettings = {
				EXECUTABLE_PREFIX = lib;
				GCC_VERSION = com.apple.compilers.llvm.clang.1_0;
				PRODUCT_NAME = "$(TARGET_NAME)";
				SYMROOT = "$(PROSOPON_ROOT_DIR)/build";
			};
			name = Release;
		};
		89DD60A114FC755D0072ADE5 /* Debug */ = {
			isa = XCBuildConfiguration;
			buildSettings = {
				ALWAYS_SEARCH_USER_PATHS = NO;
				ARCHS = "$(ARCHS_STANDARD_64_BIT)";
				CLANG_WARN_IMPLICIT_SIGN_CONVERSION = YES;
				COPY_PHASE_STRIP = NO;
				GCC_C_LANGUAGE_STANDARD = gnu99;
				GCC_DYNAMIC_NO_PIC = NO;
				GCC_ENABLE_OBJC_EXCEPTIONS = YES;
				GCC_OPTIMIZATION_LEVEL = 0;
				GCC_PREPROCESSOR_DEFINITIONS = (
					"DEBUG=1",
					"$(inherited)",
				);
				GCC_STRICT_ALIASING = YES;
				GCC_SYMBOLS_PRIVATE_EXTERN = NO;
				GCC_VERSION = "";
				GCC_WARN_64_TO_32_BIT_CONVERSION = YES;
				GCC_WARN_ABOUT_MISSING_NEWLINE = YES;
				GCC_WARN_ABOUT_MISSING_PROTOTYPES = YES;
				GCC_WARN_ABOUT_RETURN_TYPE = YES;
				GCC_WARN_CHECK_SWITCH_STATEMENTS = NO;
				GCC_WARN_UNKNOWN_PRAGMAS = YES;
				GCC_WARN_UNUSED_FUNCTION = YES;
				GCC_WARN_UNUSED_LABEL = YES;
				GCC_WARN_UNUSED_PARAMETER = NO;
				GCC_WARN_UNUSED_VARIABLE = YES;
				MACOSX_DEPLOYMENT_TARGET = 10.7;
				ONLY_ACTIVE_ARCH = YES;
				PROSOPON_ROOT_DIR = ..;
				SDKROOT = macosx;
				SYMROOT = "$(PROSOPON_ROOT_DIR)/build";
			};
			name = Debug;
		};
		89DD60A214FC755D0072ADE5 /* Release */ = {
			isa = XCBuildConfiguration;
			buildSettings = {
				ALWAYS_SEARCH_USER_PATHS = NO;
				ARCHS = "$(ARCHS_STANDARD_64_BIT)";
				CLANG_WARN_IMPLICIT_SIGN_CONVERSION = YES;
				COPY_PHASE_STRIP = YES;
				DEBUG_INFORMATION_FORMAT = "dwarf-with-dsym";
				GCC_C_LANGUAGE_STANDARD = gnu99;
				GCC_ENABLE_OBJC_EXCEPTIONS = YES;
				GCC_STRICT_ALIASING = YES;
				GCC_VERSION = "";
				GCC_WARN_64_TO_32_BIT_CONVERSION = YES;
				GCC_WARN_ABOUT_MISSING_NEWLINE = YES;
				GCC_WARN_ABOUT_MISSING_PROTOTYPES = YES;
				GCC_WARN_ABOUT_RETURN_TYPE = YES;
				GCC_WARN_CHECK_SWITCH_STATEMENTS = NO;
				GCC_WARN_UNKNOWN_PRAGMAS = YES;
				GCC_WARN_UNUSED_FUNCTION = YES;
				GCC_WARN_UNUSED_LABEL = YES;
				GCC_WARN_UNUSED_PARAMETER = NO;
				GCC_WARN_UNUSED_VARIABLE = YES;
				MACOSX_DEPLOYMENT_TARGET = 10.7;
				PROSOPON_ROOT_DIR = ..;
				SDKROOT = macosx;
				SYMROOT = "$(PROSOPON_ROOT_DIR)/build";
			};
			name = Release;
		};
		89F11123151CC40100317A20 /* Debug */ = {
			isa = XCBuildConfiguration;
			buildSettings = {
				GCC_PREPROCESSOR_DEFINITIONS = "$(inherited)";
				GCC_VERSION = com.apple.compilers.llvm.clang.1_0;
				PRODUCT_NAME = "$(TARGET_NAME)";
			};
			name = Debug;
		};
		89F11124151CC40100317A20 /* Release */ = {
			isa = XCBuildConfiguration;
			buildSettings = {
				GCC_VERSION = com.apple.compilers.llvm.clang.1_0;
				PRODUCT_NAME = "$(TARGET_NAME)";
			};
			name = Release;
		};
/* End XCBuildConfiguration section */

/* Begin XCConfigurationList section */
		890024E91511A3430012E749 /* Build configuration list for PBXNativeTarget "prosopon" */ = {
			isa = XCConfigurationList;
			buildConfigurations = (
				890024EA1511A3430012E749 /* Debug */,
				890024EB1511A3430012E749 /* Release */,
			);
			defaultConfigurationIsVisible = 0;
			defaultConfigurationName = Release;
		};
		89DD609314FC755C0072ADE5 /* Build configuration list for PBXProject "prosopon" */ = {
			isa = XCConfigurationList;
			buildConfigurations = (
				89DD60A114FC755D0072ADE5 /* Debug */,
				89DD60A214FC755D0072ADE5 /* Release */,
			);
			defaultConfigurationIsVisible = 0;
			defaultConfigurationName = Release;
		};
		89F11122151CC40100317A20 /* Build configuration list for PBXNativeTarget "test" */ = {
			isa = XCConfigurationList;
			buildConfigurations = (
				89F11123151CC40100317A20 /* Debug */,
				89F11124151CC40100317A20 /* Release */,
			);
			defaultConfigurationIsVisible = 0;
			defaultConfigurationName = Release;
		};
/* End XCConfigurationList section */
	};
	rootObject = 89DD609014FC755C0072ADE5 /* Project object */;
}
